
Microsoft Visual Studio Solution File, Format Version 12.00
# Visual Studio Version 17
VisualStudioVersion = 17.2.32630.192
MinimumVisualStudioVersion = 10.0.40219.1
Project("{FAE04EC0-301F-11D3-BF4B-00C04F79EFBC}") = "School", "School\School.csproj", "{02AAA4DC-717B-41F1-8551-B9B3101EDA37}"
EndProject
Project("{FAE04EC0-301F-11D3-BF4B-00C04F79EFBC}") = "DomainLayer", "DomainLayer\DomainLayer.csproj", "{3F0CAD47-0033-4010-9183-EAF5525AA6CC}"
EndProject
Project("{FAE04EC0-301F-11D3-BF4B-00C04F79EFBC}") = "RepositoryLayer", "RepositoryLayer\RepositoryLayer.csproj", "{284B5278-35AF-4A95-93E8-FCB6C1ABC7E7}"
EndProject
Project("{FAE04EC0-301F-11D3-BF4B-00C04F79EFBC}") = "ServiceLayer", "ServiceLayer\ServiceLayer.csproj", "{DD268C4D-76E9-42F0-BE9E-6E187F5781CE}"
EndProject
Project("{FAE04EC0-301F-11D3-BF4B-00C04F79EFBC}") = "UnitTests", "UnitTests\UnitTests.csproj", "{6B7CE7AD-015E-4358-9C8D-8FB48E9D95CC}"
EndProject
Global
	GlobalSection(SolutionConfigurationPlatforms) = preSolution
		Debug|Any CPU = Debug|Any CPU
		Release|Any CPU = Release|Any CPU
	EndGlobalSection
	GlobalSection(ProjectConfigurationPlatforms) = postSolution
		{02AAA4DC-717B-41F1-8551-B9B3101EDA37}.Debug|Any CPU.ActiveCfg = Debug|Any CPU
		{02AAA4DC-717B-41F1-8551-B9B3101EDA37}.Debug|Any CPU.Build.0 = Debug|Any CPU
		{02AAA4DC-717B-41F1-8551-B9B3101EDA37}.Release|Any CPU.ActiveCfg = Release|Any CPU
		{02AAA4DC-717B-41F1-8551-B9B3101EDA37}.Release|Any CPU.Build.0 = Release|Any CPU
		{3F0CAD47-0033-4010-9183-EAF5525AA6CC}.Debug|Any CPU.ActiveCfg = Debug|Any CPU
		{3F0CAD47-0033-4010-9183-EAF5525AA6CC}.Debug|Any CPU.Build.0 = Debug|Any CPU
		{3F0CAD47-0033-4010-9183-EAF5525AA6CC}.Release|Any CPU.ActiveCfg = Release|Any CPU
		{3F0CAD47-0033-4010-9183-EAF5525AA6CC}.Release|Any CPU.Build.0 = Release|Any CPU
		{284B5278-35AF-4A95-93E8-FCB6C1ABC7E7}.Debug|Any CPU.ActiveCfg = Debug|Any CPU
		{284B5278-35AF-4A95-93E8-FCB6C1ABC7E7}.Debug|Any CPU.Build.0 = Debug|Any CPU
		{284B5278-35AF-4A95-93E8-FCB6C1ABC7E7}.Release|Any CPU.ActiveCfg = Release|Any CPU
		{284B5278-35AF-4A95-93E8-FCB6C1ABC7E7}.Release|Any CPU.Build.0 = Release|Any CPU
		{DD268C4D-76E9-42F0-BE9E-6E187F5781CE}.Debug|Any CPU.ActiveCfg = Debug|Any CPU
		{DD268C4D-76E9-42F0-BE9E-6E187F5781CE}.Debug|Any CPU.Build.0 = Debug|Any CPU
		{DD268C4D-76E9-42F0-BE9E-6E187F5781CE}.Release|Any CPU.ActiveCfg = Release|Any CPU
		{DD268C4D-76E9-42F0-BE9E-6E187F5781CE}.Release|Any CPU.Build.0 = Release|Any CPU
		{6B7CE7AD-015E-4358-9C8D-8FB48E9D95CC}.Debug|Any CPU.ActiveCfg = Debug|Any CPU
		{6B7CE7AD-015E-4358-9C8D-8FB48E9D95CC}.Debug|Any CPU.Build.0 = Debug|Any CPU
		{6B7CE7AD-015E-4358-9C8D-8FB48E9D95CC}.Release|Any CPU.ActiveCfg = Release|Any CPU
		{6B7CE7AD-015E-4358-9C8D-8FB48E9D95CC}.Release|Any CPU.Build.0 = Release|Any CPU
	EndGlobalSection
	GlobalSection(SolutionProperties) = preSolution
		HideSolutionNode = FALSE
	EndGlobalSection
	GlobalSection(ExtensibilityGlobals) = postSolution
		SolutionGuid = {88ACF315-D950-4AC9-99BA-5389856211B7}
	EndGlobalSection
EndGlobal
